
Microsoft Visual Studio Solution File, Format Version 12.00
# Visual Studio Version 16
VisualStudioVersion = 16.0.30413.136
MinimumVisualStudioVersion = 10.0.40219.1
Project("{9A19103F-16F7-4668-BE54-9A1E7A4F7556}") = "Bishop.WpfApp", "Bishop.WpfApp\Bishop.WpfApp.csproj", "{B87C8D64-033C-493E-A582-4FD5ECB770A3}"
EndProject
Project("{FAE04EC0-301F-11D3-BF4B-00C04F79EFBC}") = "BIshop.Data", "BIshop.Data\BIshop.Data.csproj", "{2AE65919-A475-42BD-A59A-441F801AEBBE}"
EndProject
Global
	GlobalSection(SolutionConfigurationPlatforms) = preSolution
		Debug|Any CPU = Debug|Any CPU
		Release|Any CPU = Release|Any CPU
	EndGlobalSection
	GlobalSection(ProjectConfigurationPlatforms) = postSolution
		{B87C8D64-033C-493E-A582-4FD5ECB770A3}.Debug|Any CPU.ActiveCfg = Debug|Any CPU
		{B87C8D64-033C-493E-A582-4FD5ECB770A3}.Debug|Any CPU.Build.0 = Debug|Any CPU
		{B87C8D64-033C-493E-A582-4FD5ECB770A3}.Release|Any CPU.ActiveCfg = Release|Any CPU
		{B87C8D64-033C-493E-A582-4FD5ECB770A3}.Release|Any CPU.Build.0 = Release|Any CPU
		{2AE65919-A475-42BD-A59A-441F801AEBBE}.Debug|Any CPU.ActiveCfg = Debug|Any CPU
		{2AE65919-A475-42BD-A59A-441F801AEBBE}.Debug|Any CPU.Build.0 = Debug|Any CPU
		{2AE65919-A475-42BD-A59A-441F801AEBBE}.Release|Any CPU.ActiveCfg = Release|Any CPU
		{2AE65919-A475-42BD-A59A-441F801AEBBE}.Release|Any CPU.Build.0 = Release|Any CPU
	EndGlobalSection
	GlobalSection(SolutionProperties) = preSolution
		HideSolutionNode = FALSE
	EndGlobalSection
	GlobalSection(ExtensibilityGlobals) = postSolution
		SolutionGuid = {50480B63-628A-4ECD-BE0F-D53F51ED2D98}
	EndGlobalSection
EndGlobal
